
Microsoft Visual Studio Solution File, Format Version 12.00
# Visual Studio Version 17
VisualStudioVersion = 17.7.34018.315
MinimumVisualStudioVersion = 10.0.40219.1
Project("{FAE04EC0-301F-11D3-BF4B-00C04F79EFBC}") = "EntityFramework7Relationships", "EntityFramework7Relationships\EntityFramework7Relationships.csproj", "{2A1D0A1F-7B32-425E-A200-47ABD02E327C}"
EndProject
Global
	GlobalSection(SolutionConfigurationPlatforms) = preSolution
		Debug|Any CPU = Debug|Any CPU
		Release|Any CPU = Release|Any CPU
	EndGlobalSection
	GlobalSection(ProjectConfigurationPlatforms) = postSolution
		{2A1D0A1F-7B32-425E-A200-47ABD02E327C}.Debug|Any CPU.ActiveCfg = Debug|Any CPU
		{2A1D0A1F-7B32-425E-A200-47ABD02E327C}.Debug|Any CPU.Build.0 = Debug|Any CPU
		{2A1D0A1F-7B32-425E-A200-47ABD02E327C}.Release|Any CPU.ActiveCfg = Release|Any CPU
		{2A1D0A1F-7B32-425E-A200-47ABD02E327C}.Release|Any CPU.Build.0 = Release|Any CPU
	EndGlobalSection
	GlobalSection(SolutionProperties) = preSolution
		HideSolutionNode = FALSE
	EndGlobalSection
	GlobalSection(ExtensibilityGlobals) = postSolution
		SolutionGuid = {9B27F305-BB91-4C57-8F21-122FC0A833C6}
	EndGlobalSection
EndGlobal
